{
  "name": "FastAPI-Geo-talk",
  "lockfileVersion": 3,
  "requires": true,
  "packages": {
    "": {
      "dependencies": {
        "@slidev/theme-apple-basic": "^0.20.0"
      },
      "devDependencies": {
        "playwright-chromium": "^1.35.1"
      }
    },
    "node_modules/@slidev/theme-apple-basic": {
      "version": "0.20.0",
      "resolved": "https://registry.npmjs.org/@slidev/theme-apple-basic/-/theme-apple-basic-0.20.0.tgz",
      "integrity": "sha512-sjgxAyn63TNHsiwT/Iz2D8IjpuOg/x8l+nG2TTH3zg8XChIo7uYcNNApWH+i5zuBfaNHHUOaGLPaZw5s6fINQg==",
      "dependencies": {
        "@slidev/types": "^0.22.7",
        "codemirror-theme-vars": "^0.1.1",
        "prism-theme-vars": "^0.2.2",
        "theme-vitesse": "^0.1.12"
      },
      "engines": {
        "node": ">=14.0.0",
        "slidev": ">=0.19.3"
      }
    },
    "node_modules/@slidev/types": {
      "version": "0.22.7",
      "resolved": "https://registry.npmjs.org/@slidev/types/-/types-0.22.7.tgz",
      "integrity": "sha512-mCVKQbcGTv6d6n9aHpYNp5U04HF+FMbpY083vqpJ6Folc805BB1Am02eubaW0J6nM+dSOu2dDgPY+kIjs75sAQ==",
      "engines": {
        "node": ">=14.0.0"
      },
      "funding": {
        "url": "https://github.com/sponsors/antfu"
      }
    },
    "node_modules/codemirror-theme-vars": {
      "version": "0.1.2",
      "resolved": "https://registry.npmjs.org/codemirror-theme-vars/-/codemirror-theme-vars-0.1.2.tgz",
      "integrity": "sha512-WTau8X2q58b0SOAY9DO+iQVw8JKVEgyQIqArp2D732tcc+pobbMta3bnVMdQdmgwuvNrOFFr6HoxPRoQOgooFA==",
      "funding": {
        "url": "https://github.com/sponsors/antfu"
      }
    },
    "node_modules/playwright-chromium": {
      "version": "1.35.1",
      "resolved": "https://registry.npmjs.org/playwright-chromium/-/playwright-chromium-1.35.1.tgz",
      "integrity": "sha512-bPuWIk/DYWtrg10ajcc9cZLo5s9XQrs6JF6wwiieqZ73rCG3PLVEm0RX8fCUzziuEAhYsoL09UNuKSKv7pKz9A==",
      "dev": true,
      "hasInstallScript": true,
      "dependencies": {
        "playwright-core": "1.35.1"
      },
      "bin": {
        "playwright": "cli.js"
      },
      "engines": {
        "node": ">=16"
      }
    },
    "node_modules/playwright-core": {
      "version": "1.35.1",
      "resolved": "https://registry.npmjs.org/playwright-core/-/playwright-core-1.35.1.tgz",
      "integrity": "sha512-pNXb6CQ7OqmGDRspEjlxE49w+4YtR6a3X6mT1hZXeJHWmsEz7SunmvZeiG/+y1yyMZdHnnn73WKYdtV1er0Xyg==",
      "dev": true,
      "bin": {
        "playwright-core": "cli.js"
      },
      "engines": {
        "node": ">=16"
      }
    },
    "node_modules/prism-theme-vars": {
      "version": "0.2.4",
      "resolved": "https://registry.npmjs.org/prism-theme-vars/-/prism-theme-vars-0.2.4.tgz",
      "integrity": "sha512-B3Pht+GCT87sZph7hMRLlCQXzCM0awW7Rhk08RavpqRW4LEQOeqN0uMG4QCWkul2tr8PB61YAOJGUrEW+1uuJA==",
      "funding": {
        "url": "https://github.com/sponsors/antfu"
      }
    },
    "node_modules/theme-vitesse": {
      "version": "0.1.14",
      "resolved": "https://registry.npmjs.org/theme-vitesse/-/theme-vitesse-0.1.14.tgz",
      "integrity": "sha512-b5s+Zpfaw5+djoCJ9AEbcTbpiTlLsOvGM9oblDmmWRGWNqg9oXtEYO/uwubwx77novHBI6zNuwZRHKNlAIBo4A==",
      "engines": {
        "vscode": "^1.43.0"
      }
    }
  }
}
